# THIS IS AN AUTOGENERATED FILE. DO NOT EDIT THIS FILE DIRECTLY.
# yarn lockfile v1


buffer-from@^1.0.0:
  version "1.1.1"
  resolved "https://registry.yarnpkg.com/buffer-from/-/buffer-from-1.1.1.tgz#32713bc028f75c02fdb710d7c7bcec1f2c6070ef"
  integrity sha512-MQcXEUbCKtEo7bhqEs6560Hyd4XaovZlO/k9V3hjVUF/zwW7KBVdSK4gIt/bzwS9MbR5qob+F5jusZsb0YQK2A==

esbuild-runner@^2.2.0:
  version "2.2.0"
  resolved "https://registry.yarnpkg.com/esbuild-runner/-/esbuild-runner-2.2.0.tgz#7cf2e74c9805575388b442993c05eb0483f3f012"
  integrity sha512-Ew8AF48i+edfI37qA157g5gQVsgBd8kbg0rOiGDZGxnf3/aUK9GXSYHGcfP5RNZF/6ziJWT0sD96jAfssYi0qQ==
  dependencies:
    source-map-support "0.5.19"
    tslib "2.2.0"

esbuild@^0.12.11:
  version "0.12.11"
  resolved "https://registry.yarnpkg.com/esbuild/-/esbuild-0.12.11.tgz#ab24f78cabf481e7dc747e7db15f9c5091beaa14"
  integrity sha512-h83GwI6lYOrnSv5hSY2i2XZ191v3haj2IGDzwrkfWHhuO/kVMX3RYjhwRNG9E5VSxVLPaUjTVwrv8HWLvhk2nQ==

gentype@^4.1.0:
  version "4.1.0"
  resolved "https://registry.yarnpkg.com/gentype/-/gentype-4.1.0.tgz#ebc194894ec0aa637b082661419c6101bb0139b5"
  integrity sha512-M3Dqd2tokJ7X1KLyMP0bqwk/TvOPI5hYW24j2Jy5RMToWfdKvdqoxWsMTWuPxWauSi/CBQjJS/AOhqsd0Sy1Mw==

prettier@^2.3.2:
  version "2.3.2"
  resolved "https://registry.yarnpkg.com/prettier/-/prettier-2.3.2.tgz#ef280a05ec253712e486233db5c6f23441e7342d"
  integrity sha512-lnJzDfJ66zkMy58OL5/NY5zp70S7Nz6KqcKkXYzn2tMVrNxvbqaBpg7H3qHaLxCJ5lNMsGuM8+ohS7cZrthdLQ==

rescript@*:
  version "9.1.4"
  resolved "https://registry.yarnpkg.com/rescript/-/rescript-9.1.4.tgz#1eb126f98d6c16942c0bf0df67c050198e580515"
  integrity sha512-aXANK4IqecJzdnDpJUsU6pxMViCR5ogAxzuqS0mOr8TloMnzAjJFu63fjD6LCkWrKAhlMkFFzQvVQYaAaVkFXw==

rxjs@^7.1.0:
  version "7.1.0"
  resolved "https://registry.yarnpkg.com/rxjs/-/rxjs-7.1.0.tgz#94202d27b19305ef7b1a4f330277b2065df7039e"
  integrity sha512-gCFO5iHIbRPwznl6hAYuwNFld8W4S2shtSJIqG27ReWXo9IWrCyEICxUA+6vJHwSR/OakoenC4QsDxq50tzYmw==
  dependencies:
    tslib "~2.1.0"

source-map-support@0.5.19:
  version "0.5.19"
  resolved "https://registry.yarnpkg.com/source-map-support/-/source-map-support-0.5.19.tgz#a98b62f86dcaf4f67399648c085291ab9e8fed61"
  integrity sha512-Wonm7zOCIJzBGQdB+thsPar0kYuCIzYvxZwlBa87yi/Mdjv7Tip2cyVbLj5o0cFPN4EVkuTwb3GDDyUx2DGnGw==
  dependencies:
    buffer-from "^1.0.0"
    source-map "^0.6.0"

source-map@^0.6.0:
  version "0.6.1"
  resolved "https://registry.yarnpkg.com/source-map/-/source-map-0.6.1.tgz#74722af32e9614e9c287a8d0bbde48b5e2f1a263"
  integrity sha512-UjgapumWlbMhkBgzT7Ykc5YXUT46F0iKu8SGXq0bcwP5dz/h0Plj6enJqjz1Zbq2l5WaqYnrVbwWOWMyF3F47g==

tslib@2.2.0:
  version "2.2.0"
  resolved "https://registry.yarnpkg.com/tslib/-/tslib-2.2.0.tgz#fb2c475977e35e241311ede2693cee1ec6698f5c"
  integrity sha512-gS9GVHRU+RGn5KQM2rllAlR3dU6m7AcpJKdtH8gFvQiC4Otgk98XnmMU+nZenHt/+VhnBPWwgrJsyrdcw6i23w==

tslib@~2.1.0:
  version "2.1.0"
  resolved "https://registry.yarnpkg.com/tslib/-/tslib-2.1.0.tgz#da60860f1c2ecaa5703ab7d39bc05b6bf988b97a"
  integrity sha512-hcVC3wYEziELGGmEEXue7D75zbwIIVUMWAVbHItGPx0ziyXxrOMQx4rQEVEV45Ut/1IotuEvwqPopzIOkDMf0A==
